// !$*UTF8*$!
{
	archiveVersion = 1;
	classes = {
	};
	objectVersion = 56;
	objects = {

/* Begin PBXBuildFile section */
		4A0192082E26AE4300E37532 /* GoogleService-Info.plist in Resources */ = {isa = PBXBuildFile; fileRef = 4A0192072E26AE4300E37532 /* GoogleService-Info.plist */; };
		4A0BD0832B9999FD0019F565 /* WidgetKit.framework in Frameworks */ = {isa = PBXBuildFile; fileRef = 4A0BD05E2B998F150019F565 /* WidgetKit.framework */; };
		4A0BD0842B9999FD0019F565 /* SwiftUI.framework in Frameworks */ = {isa = PBXBuildFile; fileRef = 4A0BD0602B998F150019F565 /* SwiftUI.framework */; };
		4A0BD08B2B999A010019F565 /* Assets.xcassets in Resources */ = {isa = PBXBuildFile; fileRef = 4A0BD08A2B999A010019F565 /* Assets.xcassets */; };
		4A0BD0962B9EF2BA0019F565 /* WordQuizWidgetBundle.swift in Sources */ = {isa = PBXBuildFile; fileRef = 4A0BD0862B9999FD0019F565 /* WordQuizWidgetBundle.swift */; };
		4A0BD0972B9EF2BD0019F565 /* WordQuizWidget.swift in Sources */ = {isa = PBXBuildFile; fileRef = 4A0BD0882B9999FD0019F565 /* WordQuizWidget.swift */; };
		4A14C94A2B6109E2004EE0AF /* WordQuizDailyApp.swift in Sources */ = {isa = PBXBuildFile; fileRef = 4A14C9492B6109E2004EE0AF /* WordQuizDailyApp.swift */; };
		4A14C94C2B6109E2004EE0AF /* ContentView.swift in Sources */ = {isa = PBXBuildFile; fileRef = 4A14C94B2B6109E2004EE0AF /* ContentView.swift */; };
		4A14C94E2B6109E5004EE0AF /* Assets.xcassets in Resources */ = {isa = PBXBuildFile; fileRef = 4A14C94D2B6109E5004EE0AF /* Assets.xcassets */; };
		4A14C9512B6109E5004EE0AF /* Preview Assets.xcassets in Resources */ = {isa = PBXBuildFile; fileRef = 4A14C9502B6109E5004EE0AF /* Preview Assets.xcassets */; };
		4A14C95D2B610ABC004EE0AF /* HomeView.swift in Sources */ = {isa = PBXBuildFile; fileRef = 4A14C95C2B610ABC004EE0AF /* HomeView.swift */; };
		4A14C95F2B610AD5004EE0AF /* QuizView.swift in Sources */ = {isa = PBXBuildFile; fileRef = 4A14C95E2B610AD5004EE0AF /* QuizView.swift */; };
		4A14C9612B610AE0004EE0AF /* SettingView.swift in Sources */ = {isa = PBXBuildFile; fileRef = 4A14C9602B610AE0004EE0AF /* SettingView.swift */; };
		4A14C9642B610F9C004EE0AF /* WordNetwork.swift in Sources */ = {isa = PBXBuildFile; fileRef = 4A14C9632B610F9C004EE0AF /* WordNetwork.swift */; };
		4A14C9662B610FC0004EE0AF /* WordData.swift in Sources */ = {isa = PBXBuildFile; fileRef = 4A14C9652B610FC0004EE0AF /* WordData.swift */; };
		4A14C96B2B6171B5004EE0AF /* HardKoreanWords.swift in Sources */ = {isa = PBXBuildFile; fileRef = 4A14C96A2B6171B5004EE0AF /* HardKoreanWords.swift */; };
		4A3A37032E26AFA8008BF8EA /* Alamofire in Frameworks */ = {isa = PBXBuildFile; productRef = 4A3A37022E26AFA8008BF8EA /* Alamofire */; };
		4A3A37082E26AFB2008BF8EA /* Kingfisher in Frameworks */ = {isa = PBXBuildFile; productRef = 4A3A37072E26AFB2008BF8EA /* Kingfisher */; };
		4A3A370B2E26AFFD008BF8EA /* FirebaseAnalytics in Frameworks */ = {isa = PBXBuildFile; productRef = 4A3A370A2E26AFFD008BF8EA /* FirebaseAnalytics */; };
		4A3A370D2E26AFFD008BF8EA /* FirebaseAnalyticsCore in Frameworks */ = {isa = PBXBuildFile; productRef = 4A3A370C2E26AFFD008BF8EA /* FirebaseAnalyticsCore */; };
		4A3A370F2E26AFFD008BF8EA /* FirebaseMessaging in Frameworks */ = {isa = PBXBuildFile; productRef = 4A3A370E2E26AFFD008BF8EA /* FirebaseMessaging */; };
		4A3A37132E26B16C008BF8EA /* FCMService.swift in Sources */ = {isa = PBXBuildFile; fileRef = 4A3A37112E26B16C008BF8EA /* FCMService.swift */; };
		4A3A37142E26B16C008BF8EA /* FCMNotificationManager.swift in Sources */ = {isa = PBXBuildFile; fileRef = 4A3A37102E26B16C008BF8EA /* FCMNotificationManager.swift */; };
		4A3A37162E26B346008BF8EA /* AppDelegate.swift in Sources */ = {isa = PBXBuildFile; fileRef = 4A3A37152E26B346008BF8EA /* AppDelegate.swift */; };
		4A3E08482B822F2000848B7B /* NaverImageData.swift in Sources */ = {isa = PBXBuildFile; fileRef = 4A3E08472B822F2000848B7B /* NaverImageData.swift */; };
		4A3E084E2B82389800848B7B /* HTTPMethod.swift in Sources */ = {isa = PBXBuildFile; fileRef = 4A3E084D2B82389800848B7B /* HTTPMethod.swift */; };
		4A3E08562B90893000848B7B /* HomeViewModel.swift in Sources */ = {isa = PBXBuildFile; fileRef = 4A3E08552B90893000848B7B /* HomeViewModel.swift */; };
		4A47DA132E2B809900E26A6E /* Localizable.strings in Resources */ = {isa = PBXBuildFile; fileRef = 4A47DA102E2B809900E26A6E /* Localizable.strings */; };
		4A47DA142E2B809900E26A6E /* InfoPlist.strings in Resources */ = {isa = PBXBuildFile; fileRef = 4A47DA0B2E2B809900E26A6E /* InfoPlist.strings */; };
		4A47DA182E2B818500E26A6E /* LocalizationHelper.swift in Sources */ = {isa = PBXBuildFile; fileRef = 4A47DA162E2B818500E26A6E /* LocalizationHelper.swift */; };
		4A47DA192E2B818500E26A6E /* FormatterUtils.swift in Sources */ = {isa = PBXBuildFile; fileRef = 4A47DA152E2B818500E26A6E /* FormatterUtils.swift */; };
		4A4F06B82E26B88700EAB174 /* Alamofire in Frameworks */ = {isa = PBXBuildFile; productRef = 4A4F06B72E26B88700EAB174 /* Alamofire */; };
		4A6323632B64DA6D004CA2DD /* QuizViewModel.swift in Sources */ = {isa = PBXBuildFile; fileRef = 4A6323622B64DA6D004CA2DD /* QuizViewModel.swift */; };
		4A6323652B66BA1F004CA2DD /* NaverNetwork.swift in Sources */ = {isa = PBXBuildFile; fileRef = 4A6323642B66BA1F004CA2DD /* NaverNetwork.swift */; };
		4A7D36DE2E3A0A5500AF0C40 /* GoogleMobileAds in Frameworks */ = {isa = PBXBuildFile; productRef = 4A7D36DD2E3A0A5500AF0C40 /* GoogleMobileAds */; };
		4A7D36E12E3CA70E00AF0C40 /* BannerAdView.swift in Sources */ = {isa = PBXBuildFile; fileRef = 4A7D36DF2E3CA70E00AF0C40 /* BannerAdView.swift */; };
/* End PBXBuildFile section */

/* Begin PBXContainerItemProxy section */
		4A0BD08D2B999A010019F565 /* PBXContainerItemProxy */ = {
			isa = PBXContainerItemProxy;
			containerPortal = 4A14C93E2B6109E2004EE0AF /* Project object */;
			proxyType = 1;
			remoteGlobalIDString = 4A0BD0812B9999FD0019F565;
			remoteInfo = WordQuizWidgetExtension;
		};
/* End PBXContainerItemProxy section */

/* Begin PBXCopyFilesBuildPhase section */
		4A0BD0712B998F190019F565 /* Embed Foundation Extensions */ = {
			isa = PBXCopyFilesBuildPhase;
			buildActionMask = 2147483647;
			dstPath = "";
			dstSubfolderSpec = 13;
			files = (
			);
			name = "Embed Foundation Extensions";
			runOnlyForDeploymentPostprocessing = 0;
		};
/* End PBXCopyFilesBuildPhase section */

/* Begin PBXFileReference section */
		4A0192072E26AE4300E37532 /* GoogleService-Info.plist */ = {isa = PBXFileReference; lastKnownFileType = text.plist.xml; path = "GoogleService-Info.plist"; sourceTree = "<group>"; };
		4A0BD05E2B998F150019F565 /* WidgetKit.framework */ = {isa = PBXFileReference; lastKnownFileType = wrapper.framework; name = WidgetKit.framework; path = System/Library/Frameworks/WidgetKit.framework; sourceTree = SDKROOT; };
		4A0BD0602B998F150019F565 /* SwiftUI.framework */ = {isa = PBXFileReference; lastKnownFileType = wrapper.framework; name = SwiftUI.framework; path = System/Library/Frameworks/SwiftUI.framework; sourceTree = SDKROOT; };
		4A0BD0862B9999FD0019F565 /* WordQuizWidgetBundle.swift */ = {isa = PBXFileReference; lastKnownFileType = sourcecode.swift; path = WordQuizWidgetBundle.swift; sourceTree = "<group>"; };
		4A0BD0882B9999FD0019F565 /* WordQuizWidget.swift */ = {isa = PBXFileReference; lastKnownFileType = sourcecode.swift; path = WordQuizWidget.swift; sourceTree = "<group>"; };
		4A0BD08A2B999A010019F565 /* Assets.xcassets */ = {isa = PBXFileReference; lastKnownFileType = folder.assetcatalog; path = Assets.xcassets; sourceTree = "<group>"; };
		4A0BD08C2B999A010019F565 /* Info.plist */ = {isa = PBXFileReference; lastKnownFileType = text.plist.xml; path = Info.plist; sourceTree = "<group>"; };
		4A0BD0932B99A5F20019F565 /* WordQuizWidgetExtension.entitlements */ = {isa = PBXFileReference; lastKnownFileType = text.plist.entitlements; path = WordQuizWidgetExtension.entitlements; sourceTree = "<group>"; };
		4A0BEF752E26B53000D26C42 /* WordQuizDaily.app */ = {isa = PBXFileReference; explicitFileType = wrapper.application; includeInIndex = 0; path = WordQuizDaily.app; sourceTree = BUILT_PRODUCTS_DIR; };
		4A0BEF762E26B53000D26C42 /* WordQuizWidgetExtension.appex */ = {isa = PBXFileReference; explicitFileType = "wrapper.app-extension"; includeInIndex = 0; path = WordQuizWidgetExtension.appex; sourceTree = BUILT_PRODUCTS_DIR; };
		4A14C9492B6109E2004EE0AF /* WordQuizDailyApp.swift */ = {isa = PBXFileReference; lastKnownFileType = sourcecode.swift; path = WordQuizDailyApp.swift; sourceTree = "<group>"; };
		4A14C94B2B6109E2004EE0AF /* ContentView.swift */ = {isa = PBXFileReference; lastKnownFileType = sourcecode.swift; path = ContentView.swift; sourceTree = "<group>"; };
		4A14C94D2B6109E5004EE0AF /* Assets.xcassets */ = {isa = PBXFileReference; lastKnownFileType = folder.assetcatalog; path = Assets.xcassets; sourceTree = "<group>"; };
		4A14C9502B6109E5004EE0AF /* Preview Assets.xcassets */ = {isa = PBXFileReference; lastKnownFileType = folder.assetcatalog; path = "Preview Assets.xcassets"; sourceTree = "<group>"; };
		4A14C9522B6109E5004EE0AF /* WordQuizDaily.entitlements */ = {isa = PBXFileReference; lastKnownFileType = text.plist.entitlements; path = WordQuizDaily.entitlements; sourceTree = "<group>"; };
		4A14C95C2B610ABC004EE0AF /* HomeView.swift */ = {isa = PBXFileReference; lastKnownFileType = sourcecode.swift; path = HomeView.swift; sourceTree = "<group>"; };
		4A14C95E2B610AD5004EE0AF /* QuizView.swift */ = {isa = PBXFileReference; lastKnownFileType = sourcecode.swift; path = QuizView.swift; sourceTree = "<group>"; };
		4A14C9602B610AE0004EE0AF /* SettingView.swift */ = {isa = PBXFileReference; lastKnownFileType = sourcecode.swift; path = SettingView.swift; sourceTree = "<group>"; };
		4A14C9632B610F9C004EE0AF /* WordNetwork.swift */ = {isa = PBXFileReference; lastKnownFileType = sourcecode.swift; path = WordNetwork.swift; sourceTree = "<group>"; };
		4A14C9652B610FC0004EE0AF /* WordData.swift */ = {isa = PBXFileReference; lastKnownFileType = sourcecode.swift; path = WordData.swift; sourceTree = "<group>"; };
		4A14C96A2B6171B5004EE0AF /* HardKoreanWords.swift */ = {isa = PBXFileReference; lastKnownFileType = sourcecode.swift; path = HardKoreanWords.swift; sourceTree = "<group>"; };
		4A2462842C29457D00966E04 /* Config.xcconfig */ = {isa = PBXFileReference; lastKnownFileType = text.xcconfig; path = Config.xcconfig; sourceTree = "<group>"; };
		4A3A37102E26B16C008BF8EA /* FCMNotificationManager.swift */ = {isa = PBXFileReference; lastKnownFileType = sourcecode.swift; path = FCMNotificationManager.swift; sourceTree = "<group>"; };
		4A3A37112E26B16C008BF8EA /* FCMService.swift */ = {isa = PBXFileReference; lastKnownFileType = sourcecode.swift; path = FCMService.swift; sourceTree = "<group>"; };
		4A3A37152E26B346008BF8EA /* AppDelegate.swift */ = {isa = PBXFileReference; lastKnownFileType = sourcecode.swift; path = AppDelegate.swift; sourceTree = "<group>"; };
		4A3E08472B822F2000848B7B /* NaverImageData.swift */ = {isa = PBXFileReference; lastKnownFileType = sourcecode.swift; path = NaverImageData.swift; sourceTree = "<group>"; };
		4A3E084D2B82389800848B7B /* HTTPMethod.swift */ = {isa = PBXFileReference; lastKnownFileType = sourcecode.swift; path = HTTPMethod.swift; sourceTree = "<group>"; };
		4A3E084F2B8267D800848B7B /* Info.plist */ = {isa = PBXFileReference; lastKnownFileType = text.plist; path = Info.plist; sourceTree = "<group>"; };
		4A3E08552B90893000848B7B /* HomeViewModel.swift */ = {isa = PBXFileReference; lastKnownFileType = sourcecode.swift; path = HomeViewModel.swift; sourceTree = "<group>"; };
		4A47DA082E2B809900E26A6E /* ko */ = {isa = PBXFileReference; lastKnownFileType = text.plist.strings; name = ko; path = ko.lproj/InfoPlist.strings; sourceTree = "<group>"; };
		4A47DA092E2B809900E26A6E /* en */ = {isa = PBXFileReference; lastKnownFileType = text.plist.strings; name = en; path = en.lproj/InfoPlist.strings; sourceTree = "<group>"; };
		4A47DA0A2E2B809900E26A6E /* ja */ = {isa = PBXFileReference; lastKnownFileType = text.plist.strings; name = ja; path = ja.lproj/InfoPlist.strings; sourceTree = "<group>"; };
		4A47DA0C2E2B809900E26A6E /* ko */ = {isa = PBXFileReference; lastKnownFileType = text.plist.strings; name = ko; path = ko.lproj/Localizable.strings; sourceTree = "<group>"; };
		4A47DA0D2E2B809900E26A6E /* en */ = {isa = PBXFileReference; lastKnownFileType = text.plist.strings; name = en; path = en.lproj/Localizable.strings; sourceTree = "<group>"; };
		4A47DA0E2E2B809900E26A6E /* ja */ = {isa = PBXFileReference; lastKnownFileType = text.plist.strings; name = ja; path = ja.lproj/Localizable.strings; sourceTree = "<group>"; };
		4A47DA152E2B818500E26A6E /* FormatterUtils.swift */ = {isa = PBXFileReference; lastKnownFileType = sourcecode.swift; path = FormatterUtils.swift; sourceTree = "<group>"; };
		4A47DA162E2B818500E26A6E /* LocalizationHelper.swift */ = {isa = PBXFileReference; lastKnownFileType = sourcecode.swift; path = LocalizationHelper.swift; sourceTree = "<group>"; };
		4A6323622B64DA6D004CA2DD /* QuizViewModel.swift */ = {isa = PBXFileReference; lastKnownFileType = sourcecode.swift; path = QuizViewModel.swift; sourceTree = "<group>"; };
		4A6323642B66BA1F004CA2DD /* NaverNetwork.swift */ = {isa = PBXFileReference; lastKnownFileType = sourcecode.swift; path = NaverNetwork.swift; sourceTree = "<group>"; };
		4A7D36DF2E3CA70E00AF0C40 /* BannerAdView.swift */ = {isa = PBXFileReference; lastKnownFileType = sourcecode.swift; path = BannerAdView.swift; sourceTree = "<group>"; };
/* End PBXFileReference section */

/* Begin PBXFrameworksBuildPhase section */
		4A0BD07F2B9999FD0019F565 /* Frameworks */ = {
			isa = PBXFrameworksBuildPhase;
			buildActionMask = 2147483647;
			files = (
				4A0BD0842B9999FD0019F565 /* SwiftUI.framework in Frameworks */,
				4A0BD0832B9999FD0019F565 /* WidgetKit.framework in Frameworks */,
			);
			runOnlyForDeploymentPostprocessing = 0;
		};
		4A14C9432B6109E2004EE0AF /* Frameworks */ = {
			isa = PBXFrameworksBuildPhase;
			buildActionMask = 2147483647;
			files = (
				4A3A370F2E26AFFD008BF8EA /* FirebaseMessaging in Frameworks */,
				4A4F06B82E26B88700EAB174 /* Alamofire in Frameworks */,
				4A3A37082E26AFB2008BF8EA /* Kingfisher in Frameworks */,
				4A3A37032E26AFA8008BF8EA /* Alamofire in Frameworks */,
				4A3A370D2E26AFFD008BF8EA /* FirebaseAnalyticsCore in Frameworks */,
				4A3A370B2E26AFFD008BF8EA /* FirebaseAnalytics in Frameworks */,
				4A7D36DE2E3A0A5500AF0C40 /* GoogleMobileAds in Frameworks */,
			);
			runOnlyForDeploymentPostprocessing = 0;
		};
/* End PBXFrameworksBuildPhase section */

/* Begin PBXGroup section */
		4A0BD0852B9999FD0019F565 /* WordQuizWidget */ = {
			isa = PBXGroup;
			children = (
				4A0BD0862B9999FD0019F565 /* WordQuizWidgetBundle.swift */,
				4A0BD0882B9999FD0019F565 /* WordQuizWidget.swift */,
				4A0BD08A2B999A010019F565 /* Assets.xcassets */,
				4A0BD08C2B999A010019F565 /* Info.plist */,
			);
			path = WordQuizWidget;
			sourceTree = "<group>";
		};
		4A14C93D2B6109E2004EE0AF = {
			isa = PBXGroup;
			children = (
				4A0BD0932B99A5F20019F565 /* WordQuizWidgetExtension.entitlements */,
				4A14C9482B6109E2004EE0AF /* WordQuizDaily */,
				4A0BD0852B9999FD0019F565 /* WordQuizWidget */,
				87A96DACB312BCA20D3F552A /* Frameworks */,
				4A0BEF752E26B53000D26C42 /* WordQuizDaily.app */,
				4A0BEF762E26B53000D26C42 /* WordQuizWidgetExtension.appex */,
			);
			sourceTree = "<group>";
		};
		4A14C9482B6109E2004EE0AF /* WordQuizDaily */ = {
			isa = PBXGroup;
			children = (
				4A47DA172E2B818500E26A6E /* Helpers */,
				4A3E084F2B8267D800848B7B /* Info.plist */,
				4A47DA122E2B809900E26A6E /* Resources */,
				4A3A37122E26B16C008BF8EA /* Services */,
				4A3E08522B84D4B200848B7B /* Network */,
				4A14C9622B610F84004EE0AF /* Models */,
				4A14C9582B610A87004EE0AF /* Views */,
				4A14C9492B6109E2004EE0AF /* WordQuizDailyApp.swift */,
				4A14C94B2B6109E2004EE0AF /* ContentView.swift */,
				4A3A37152E26B346008BF8EA /* AppDelegate.swift */,
				4A14C94D2B6109E5004EE0AF /* Assets.xcassets */,
				4A2462842C29457D00966E04 /* Config.xcconfig */,
				4A0192072E26AE4300E37532 /* GoogleService-Info.plist */,
				4A14C9522B6109E5004EE0AF /* WordQuizDaily.entitlements */,
				4A14C94F2B6109E5004EE0AF /* Preview Content */,
			);
			path = WordQuizDaily;
			sourceTree = "<group>";
		};
		4A14C94F2B6109E5004EE0AF /* Preview Content */ = {
			isa = PBXGroup;
			children = (
				4A14C9502B6109E5004EE0AF /* Preview Assets.xcassets */,
			);
			path = "Preview Content";
			sourceTree = "<group>";
		};
		4A14C9582B610A87004EE0AF /* Views */ = {
			isa = PBXGroup;
			children = (
				4A7D36E02E3CA70E00AF0C40 /* AdMob */,
				4A14C95A2B610A99004EE0AF /* Quiz */,
				4A14C9592B610A92004EE0AF /* Home */,
				4A14C95B2B610AA2004EE0AF /* Setting */,
			);
			path = Views;
			sourceTree = "<group>";
		};
		4A14C9592B610A92004EE0AF /* Home */ = {
			isa = PBXGroup;
			children = (
				4A14C95C2B610ABC004EE0AF /* HomeView.swift */,
				4A3E08552B90893000848B7B /* HomeViewModel.swift */,
			);
			path = Home;
			sourceTree = "<group>";
		};
		4A14C95A2B610A99004EE0AF /* Quiz */ = {
			isa = PBXGroup;
			children = (
				4A14C95E2B610AD5004EE0AF /* QuizView.swift */,
				4A6323622B64DA6D004CA2DD /* QuizViewModel.swift */,
			);
			path = Quiz;
			sourceTree = "<group>";
		};
		4A14C95B2B610AA2004EE0AF /* Setting */ = {
			isa = PBXGroup;
			children = (
				4A14C9602B610AE0004EE0AF /* SettingView.swift */,
			);
			path = Setting;
			sourceTree = "<group>";
		};
		4A14C9622B610F84004EE0AF /* Models */ = {
			isa = PBXGroup;
			children = (
				4A3E08492B82304A00848B7B /* Word */,
				4A3E084A2B82305500848B7B /* Naver */,
				4A14C96A2B6171B5004EE0AF /* HardKoreanWords.swift */,
			);
			path = Models;
			sourceTree = "<group>";
		};
		4A3A37122E26B16C008BF8EA /* Services */ = {
			isa = PBXGroup;
			children = (
				4A3A37102E26B16C008BF8EA /* FCMNotificationManager.swift */,
				4A3A37112E26B16C008BF8EA /* FCMService.swift */,
			);
			path = Services;
			sourceTree = "<group>";
		};
		4A3E08492B82304A00848B7B /* Word */ = {
			isa = PBXGroup;
			children = (
				4A14C9652B610FC0004EE0AF /* WordData.swift */,
			);
			path = Word;
			sourceTree = "<group>";
		};
		4A3E084A2B82305500848B7B /* Naver */ = {
			isa = PBXGroup;
			children = (
				4A3E08472B822F2000848B7B /* NaverImageData.swift */,
				4A3E084D2B82389800848B7B /* HTTPMethod.swift */,
			);
			path = Naver;
			sourceTree = "<group>";
		};
		4A3E08522B84D4B200848B7B /* Network */ = {
			isa = PBXGroup;
			children = (
				4A14C9632B610F9C004EE0AF /* WordNetwork.swift */,
				4A6323642B66BA1F004CA2DD /* NaverNetwork.swift */,
			);
			path = Network;
			sourceTree = "<group>";
		};
		4A47DA112E2B809900E26A6E /* Localizations */ = {
			isa = PBXGroup;
			children = (
				4A47DA0B2E2B809900E26A6E /* InfoPlist.strings */,
				4A47DA102E2B809900E26A6E /* Localizable.strings */,
			);
			path = Localizations;
			sourceTree = "<group>";
		};
		4A47DA122E2B809900E26A6E /* Resources */ = {
			isa = PBXGroup;
			children = (
				4A47DA112E2B809900E26A6E /* Localizations */,
			);
			path = Resources;
			sourceTree = "<group>";
		};
		4A47DA172E2B818500E26A6E /* Helpers */ = {
			isa = PBXGroup;
			children = (
				4A47DA152E2B818500E26A6E /* FormatterUtils.swift */,
				4A47DA162E2B818500E26A6E /* LocalizationHelper.swift */,
			);
			path = Helpers;
			sourceTree = "<group>";
		};
		4A7D36E02E3CA70E00AF0C40 /* AdMob */ = {
			isa = PBXGroup;
			children = (
				4A7D36DF2E3CA70E00AF0C40 /* BannerAdView.swift */,
			);
			path = AdMob;
			sourceTree = "<group>";
		};
		87A96DACB312BCA20D3F552A /* Frameworks */ = {
			isa = PBXGroup;
			children = (
				4A0BD05E2B998F150019F565 /* WidgetKit.framework */,
				4A0BD0602B998F150019F565 /* SwiftUI.framework */,
			);
			name = Frameworks;
			sourceTree = "<group>";
		};
/* End PBXGroup section */

/* Begin PBXNativeTarget section */
		4A0BD0812B9999FD0019F565 /* WordQuizWidgetExtension */ = {
			isa = PBXNativeTarget;
			buildConfigurationList = 4A0BD0902B999A010019F565 /* Build configuration list for PBXNativeTarget "WordQuizWidgetExtension" */;
			buildPhases = (
				4A0BD07E2B9999FD0019F565 /* Sources */,
				4A0BD07F2B9999FD0019F565 /* Frameworks */,
				4A0BD0802B9999FD0019F565 /* Resources */,
			);
			buildRules = (
			);
			dependencies = (
			);
			name = WordQuizWidgetExtension;
			productName = WordQuizWidgetExtension;
			productReference = 4A0BEF762E26B53000D26C42 /* WordQuizWidgetExtension.appex */;
			productType = "com.apple.product-type.app-extension";
		};
		4A14C9452B6109E2004EE0AF /* WordQuizDaily */ = {
			isa = PBXNativeTarget;
			buildConfigurationList = 4A14C9552B6109E5004EE0AF /* Build configuration list for PBXNativeTarget "WordQuizDaily" */;
			buildPhases = (
				4A14C9422B6109E2004EE0AF /* Sources */,
				4A14C9432B6109E2004EE0AF /* Frameworks */,
				4A14C9442B6109E2004EE0AF /* Resources */,
				4A0BD0712B998F190019F565 /* Embed Foundation Extensions */,
			);
			buildRules = (
			);
			dependencies = (
				4A0BD08E2B999A010019F565 /* PBXTargetDependency */,
			);
			name = WordQuizDaily;
			productName = WordQuizDaily;
			productReference = 4A0BEF752E26B53000D26C42 /* WordQuizDaily.app */;
			productType = "com.apple.product-type.application";
		};
/* End PBXNativeTarget section */

/* Begin PBXProject section */
		4A14C93E2B6109E2004EE0AF /* Project object */ = {
			isa = PBXProject;
			attributes = {
				BuildIndependentTargetsInParallel = 1;
				LastSwiftUpdateCheck = 1520;
				LastUpgradeCheck = 1520;
				TargetAttributes = {
					4A0BD0812B9999FD0019F565 = {
						CreatedOnToolsVersion = 15.2;
					};
					4A14C9452B6109E2004EE0AF = {
						CreatedOnToolsVersion = 15.2;
					};
				};
			};
			buildConfigurationList = 4A14C9412B6109E2004EE0AF /* Build configuration list for PBXProject "WordQuizDaily" */;
			compatibilityVersion = "Xcode 14.0";
			developmentRegion = ko;
			hasScannedForEncodings = 0;
			knownRegions = (
				en,
				Base,
				ko,
				ja,
			);
			mainGroup = 4A14C93D2B6109E2004EE0AF;
			packageReferences = (
				4A3A37062E26AFB2008BF8EA /* XCRemoteSwiftPackageReference "Kingfisher" */,
				4A3A37092E26AFFD008BF8EA /* XCRemoteSwiftPackageReference "firebase-ios-sdk" */,
				4A4F06B62E26B88700EAB174 /* XCRemoteSwiftPackageReference "Alamofire" */,
				4A7D36DC2E3A0A5500AF0C40 /* XCRemoteSwiftPackageReference "swift-package-manager-google-mobile-ads" */,
			);
			productRefGroup = 4A14C93D2B6109E2004EE0AF;
			projectDirPath = "";
			projectRoot = "";
			targets = (
				4A14C9452B6109E2004EE0AF /* WordQuizDaily */,
				4A0BD0812B9999FD0019F565 /* WordQuizWidgetExtension */,
			);
		};
/* End PBXProject section */

/* Begin PBXResourcesBuildPhase section */
		4A0BD0802B9999FD0019F565 /* Resources */ = {
			isa = PBXResourcesBuildPhase;
			buildActionMask = 2147483647;
			files = (
				4A0BD08B2B999A010019F565 /* Assets.xcassets in Resources */,
			);
			runOnlyForDeploymentPostprocessing = 0;
		};
		4A14C9442B6109E2004EE0AF /* Resources */ = {
			isa = PBXResourcesBuildPhase;
			buildActionMask = 2147483647;
			files = (
				4A14C9512B6109E5004EE0AF /* Preview Assets.xcassets in Resources */,
				4A14C94E2B6109E5004EE0AF /* Assets.xcassets in Resources */,
				4A47DA132E2B809900E26A6E /* Localizable.strings in Resources */,
				4A47DA142E2B809900E26A6E /* InfoPlist.strings in Resources */,
				4A0192082E26AE4300E37532 /* GoogleService-Info.plist in Resources */,
			);
			runOnlyForDeploymentPostprocessing = 0;
		};
/* End PBXResourcesBuildPhase section */

/* Begin PBXSourcesBuildPhase section */
		4A0BD07E2B9999FD0019F565 /* Sources */ = {
			isa = PBXSourcesBuildPhase;
			buildActionMask = 2147483647;
			files = (
				4A0BD0972B9EF2BD0019F565 /* WordQuizWidget.swift in Sources */,
				4A0BD0962B9EF2BA0019F565 /* WordQuizWidgetBundle.swift in Sources */,
			);
			runOnlyForDeploymentPostprocessing = 0;
		};
		4A14C9422B6109E2004EE0AF /* Sources */ = {
			isa = PBXSourcesBuildPhase;
			buildActionMask = 2147483647;
			files = (
				4A14C9662B610FC0004EE0AF /* WordData.swift in Sources */,
				4A14C95D2B610ABC004EE0AF /* HomeView.swift in Sources */,
				4A3E084E2B82389800848B7B /* HTTPMethod.swift in Sources */,
				4A3E08562B90893000848B7B /* HomeViewModel.swift in Sources */,
				4A47DA182E2B818500E26A6E /* LocalizationHelper.swift in Sources */,
				4A47DA192E2B818500E26A6E /* FormatterUtils.swift in Sources */,
				4A14C95F2B610AD5004EE0AF /* QuizView.swift in Sources */,
				4A14C9642B610F9C004EE0AF /* WordNetwork.swift in Sources */,
				4A6323632B64DA6D004CA2DD /* QuizViewModel.swift in Sources */,
				4A14C96B2B6171B5004EE0AF /* HardKoreanWords.swift in Sources */,
				4A14C94C2B6109E2004EE0AF /* ContentView.swift in Sources */,
				4A3E08482B822F2000848B7B /* NaverImageData.swift in Sources */,
				4A6323652B66BA1F004CA2DD /* NaverNetwork.swift in Sources */,
				4A14C94A2B6109E2004EE0AF /* WordQuizDailyApp.swift in Sources */,
				4A7D36E12E3CA70E00AF0C40 /* BannerAdView.swift in Sources */,
				4A3A37132E26B16C008BF8EA /* FCMService.swift in Sources */,
				4A3A37142E26B16C008BF8EA /* FCMNotificationManager.swift in Sources */,
				4A3A37162E26B346008BF8EA /* AppDelegate.swift in Sources */,
				4A14C9612B610AE0004EE0AF /* SettingView.swift in Sources */,
			);
			runOnlyForDeploymentPostprocessing = 0;
		};
/* End PBXSourcesBuildPhase section */

/* Begin PBXTargetDependency section */
		4A0BD08E2B999A010019F565 /* PBXTargetDependency */ = {
			isa = PBXTargetDependency;
			target = 4A0BD0812B9999FD0019F565 /* WordQuizWidgetExtension */;
			targetProxy = 4A0BD08D2B999A010019F565 /* PBXContainerItemProxy */;
		};
/* End PBXTargetDependency section */

/* Begin PBXVariantGroup section */
		4A47DA0B2E2B809900E26A6E /* InfoPlist.strings */ = {
			isa = PBXVariantGroup;
			children = (
				4A47DA082E2B809900E26A6E /* ko */,
				4A47DA092E2B809900E26A6E /* en */,
				4A47DA0A2E2B809900E26A6E /* ja */,
			);
			name = InfoPlist.strings;
			sourceTree = "<group>";
		};
		4A47DA102E2B809900E26A6E /* Localizable.strings */ = {
			isa = PBXVariantGroup;
			children = (
				4A47DA0C2E2B809900E26A6E /* ko */,
				4A47DA0D2E2B809900E26A6E /* en */,
				4A47DA0E2E2B809900E26A6E /* ja */,
			);
			name = Localizable.strings;
			sourceTree = "<group>";
		};
/* End PBXVariantGroup section */

/* Begin XCBuildConfiguration section */
		4A0BD0912B999A010019F565 /* Debug */ = {
			isa = XCBuildConfiguration;
			buildSettings = {
				ASSETCATALOG_COMPILER_GLOBAL_ACCENT_COLOR_NAME = AccentColor;
				ASSETCATALOG_COMPILER_WIDGET_BACKGROUND_COLOR_NAME = WidgetBackground;
				CODE_SIGN_ENTITLEMENTS = WordQuizWidgetExtension.entitlements;
				CODE_SIGN_STYLE = Automatic;
				CURRENT_PROJECT_VERSION = 1;
				DEVELOPMENT_TEAM = 2TXBC7N5Q5;
				GENERATE_INFOPLIST_FILE = YES;
				INFOPLIST_FILE = WordQuizWidget/Info.plist;
				INFOPLIST_KEY_CFBundleDisplayName = WordQuizWidget;
				INFOPLIST_KEY_NSHumanReadableCopyright = "";
				IPHONEOS_DEPLOYMENT_TARGET = 17.2;
				LD_RUNPATH_SEARCH_PATHS = (
					"$(inherited)",
					"@executable_path/Frameworks",
					"@executable_path/../../Frameworks",
				);
				MARKETING_VERSION = 1.0;
				PRODUCT_BUNDLE_IDENTIFIER = smith.WordQuizDaily.WordQuizWidget;
				PRODUCT_NAME = "$(TARGET_NAME)";
				SDKROOT = iphoneos;
				SKIP_INSTALL = YES;
				SWIFT_EMIT_LOC_STRINGS = YES;
				SWIFT_VERSION = 5.0;
				TARGETED_DEVICE_FAMILY = "1,2";
			};
			name = Debug;
		};
		4A0BD0922B999A010019F565 /* Release */ = {
			isa = XCBuildConfiguration;
			buildSettings = {
				ASSETCATALOG_COMPILER_GLOBAL_ACCENT_COLOR_NAME = AccentColor;
				ASSETCATALOG_COMPILER_WIDGET_BACKGROUND_COLOR_NAME = WidgetBackground;
				CODE_SIGN_ENTITLEMENTS = WordQuizWidgetExtension.entitlements;
				CODE_SIGN_STYLE = Automatic;
				CURRENT_PROJECT_VERSION = 1;
				DEVELOPMENT_TEAM = 2TXBC7N5Q5;
				GENERATE_INFOPLIST_FILE = YES;
				INFOPLIST_FILE = WordQuizWidget/Info.plist;
				INFOPLIST_KEY_CFBundleDisplayName = WordQuizWidget;
				INFOPLIST_KEY_NSHumanReadableCopyright = "";
				IPHONEOS_DEPLOYMENT_TARGET = 17.2;
				LD_RUNPATH_SEARCH_PATHS = (
					"$(inherited)",
					"@executable_path/Frameworks",
					"@executable_path/../../Frameworks",
				);
				MARKETING_VERSION = 1.0;
				PRODUCT_BUNDLE_IDENTIFIER = smith.WordQuizDaily.WordQuizWidget;
				PRODUCT_NAME = "$(TARGET_NAME)";
				SDKROOT = iphoneos;
				SKIP_INSTALL = YES;
				SWIFT_EMIT_LOC_STRINGS = YES;
				SWIFT_VERSION = 5.0;
				TARGETED_DEVICE_FAMILY = "1,2";
				VALIDATE_PRODUCT = YES;
			};
			name = Release;
		};
		4A14C9532B6109E5004EE0AF /* Debug */ = {
			isa = XCBuildConfiguration;
			baseConfigurationReference = 4A2462842C29457D00966E04 /* Config.xcconfig */;
			buildSettings = {
				ALWAYS_SEARCH_USER_PATHS = NO;
				ASSETCATALOG_COMPILER_GENERATE_SWIFT_ASSET_SYMBOL_EXTENSIONS = YES;
				CLANG_ANALYZER_NONNULL = YES;
				CLANG_ANALYZER_NUMBER_OBJECT_CONVERSION = YES_AGGRESSIVE;
				CLANG_CXX_LANGUAGE_STANDARD = "gnu++20";
				CLANG_ENABLE_MODULES = YES;
				CLANG_ENABLE_OBJC_ARC = YES;
				CLANG_ENABLE_OBJC_WEAK = YES;
				CLANG_WARN_BLOCK_CAPTURE_AUTORELEASING = YES;
				CLANG_WARN_BOOL_CONVERSION = YES;
				CLANG_WARN_COMMA = YES;
				CLANG_WARN_CONSTANT_CONVERSION = YES;
				CLANG_WARN_DEPRECATED_OBJC_IMPLEMENTATIONS = YES;
				CLANG_WARN_DIRECT_OBJC_ISA_USAGE = YES_ERROR;
				CLANG_WARN_DOCUMENTATION_COMMENTS = YES;
				CLANG_WARN_EMPTY_BODY = YES;
				CLANG_WARN_ENUM_CONVERSION = YES;
				CLANG_WARN_INFINITE_RECURSION = YES;
				CLANG_WARN_INT_CONVERSION = YES;
				CLANG_WARN_NON_LITERAL_NULL_CONVERSION = YES;
				CLANG_WARN_OBJC_IMPLICIT_RETAIN_SELF = YES;
				CLANG_WARN_OBJC_LITERAL_CONVERSION = YES;
				CLANG_WARN_OBJC_ROOT_CLASS = YES_ERROR;
				CLANG_WARN_QUOTED_INCLUDE_IN_FRAMEWORK_HEADER = YES;
				CLANG_WARN_RANGE_LOOP_ANALYSIS = YES;
				CLANG_WARN_STRICT_PROTOTYPES = YES;
				CLANG_WARN_SUSPICIOUS_MOVE = YES;
				CLANG_WARN_UNGUARDED_AVAILABILITY = YES_AGGRESSIVE;
				CLANG_WARN_UNREACHABLE_CODE = YES;
				CLANG_WARN__DUPLICATE_METHOD_MATCH = YES;
				COPY_PHASE_STRIP = NO;
				DEBUG_INFORMATION_FORMAT = dwarf;
				ENABLE_STRICT_OBJC_MSGSEND = YES;
				ENABLE_TESTABILITY = YES;
				ENABLE_USER_SCRIPT_SANDBOXING = YES;
				GCC_C_LANGUAGE_STANDARD = gnu17;
				GCC_DYNAMIC_NO_PIC = NO;
				GCC_NO_COMMON_BLOCKS = YES;
				GCC_OPTIMIZATION_LEVEL = 0;
				GCC_PREPROCESSOR_DEFINITIONS = (
					"DEBUG=1",
					"$(inherited)",
				);
				GCC_WARN_64_TO_32_BIT_CONVERSION = YES;
				GCC_WARN_ABOUT_RETURN_TYPE = YES_ERROR;
				GCC_WARN_UNDECLARED_SELECTOR = YES;
				GCC_WARN_UNINITIALIZED_AUTOS = YES_AGGRESSIVE;
				GCC_WARN_UNUSED_FUNCTION = YES;
				GCC_WARN_UNUSED_VARIABLE = YES;
				IPHONEOS_DEPLOYMENT_TARGET = 15.0;
				LOCALIZATION_PREFERS_STRING_CATALOGS = YES;
				MACOSX_DEPLOYMENT_TARGET = 14.2;
				MTL_ENABLE_DEBUG_INFO = INCLUDE_SOURCE;
				MTL_FAST_MATH = YES;
				ONLY_ACTIVE_ARCH = YES;
				SDKROOT = macosx;
				SWIFT_ACTIVE_COMPILATION_CONDITIONS = "DEBUG $(inherited)";
				SWIFT_OPTIMIZATION_LEVEL = "-Onone";
			};
			name = Debug;
		};
		4A14C9542B6109E5004EE0AF /* Release */ = {
			isa = XCBuildConfiguration;
			baseConfigurationReference = 4A2462842C29457D00966E04 /* Config.xcconfig */;
			buildSettings = {
				ALWAYS_SEARCH_USER_PATHS = NO;
				ASSETCATALOG_COMPILER_GENERATE_SWIFT_ASSET_SYMBOL_EXTENSIONS = YES;
				CLANG_ANALYZER_NONNULL = YES;
				CLANG_ANALYZER_NUMBER_OBJECT_CONVERSION = YES_AGGRESSIVE;
				CLANG_CXX_LANGUAGE_STANDARD = "gnu++20";
				CLANG_ENABLE_MODULES = YES;
				CLANG_ENABLE_OBJC_ARC = YES;
				CLANG_ENABLE_OBJC_WEAK = YES;
				CLANG_WARN_BLOCK_CAPTURE_AUTORELEASING = YES;
				CLANG_WARN_BOOL_CONVERSION = YES;
				CLANG_WARN_COMMA = YES;
				CLANG_WARN_CONSTANT_CONVERSION = YES;
				CLANG_WARN_DEPRECATED_OBJC_IMPLEMENTATIONS = YES;
				CLANG_WARN_DIRECT_OBJC_ISA_USAGE = YES_ERROR;
				CLANG_WARN_DOCUMENTATION_COMMENTS = YES;
				CLANG_WARN_EMPTY_BODY = YES;
				CLANG_WARN_ENUM_CONVERSION = YES;
				CLANG_WARN_INFINITE_RECURSION = YES;
				CLANG_WARN_INT_CONVERSION = YES;
				CLANG_WARN_NON_LITERAL_NULL_CONVERSION = YES;
				CLANG_WARN_OBJC_IMPLICIT_RETAIN_SELF = YES;
				CLANG_WARN_OBJC_LITERAL_CONVERSION = YES;
				CLANG_WARN_OBJC_ROOT_CLASS = YES_ERROR;
				CLANG_WARN_QUOTED_INCLUDE_IN_FRAMEWORK_HEADER = YES;
				CLANG_WARN_RANGE_LOOP_ANALYSIS = YES;
				CLANG_WARN_STRICT_PROTOTYPES = YES;
				CLANG_WARN_SUSPICIOUS_MOVE = YES;
				CLANG_WARN_UNGUARDED_AVAILABILITY = YES_AGGRESSIVE;
				CLANG_WARN_UNREACHABLE_CODE = YES;
				CLANG_WARN__DUPLICATE_METHOD_MATCH = YES;
				COPY_PHASE_STRIP = NO;
				DEBUG_INFORMATION_FORMAT = "dwarf-with-dsym";
				ENABLE_NS_ASSERTIONS = NO;
				ENABLE_STRICT_OBJC_MSGSEND = YES;
				ENABLE_USER_SCRIPT_SANDBOXING = YES;
				GCC_C_LANGUAGE_STANDARD = gnu17;
				GCC_NO_COMMON_BLOCKS = YES;
				GCC_WARN_64_TO_32_BIT_CONVERSION = YES;
				GCC_WARN_ABOUT_RETURN_TYPE = YES_ERROR;
				GCC_WARN_UNDECLARED_SELECTOR = YES;
				GCC_WARN_UNINITIALIZED_AUTOS = YES_AGGRESSIVE;
				GCC_WARN_UNUSED_FUNCTION = YES;
				GCC_WARN_UNUSED_VARIABLE = YES;
				IPHONEOS_DEPLOYMENT_TARGET = 15.0;
				LOCALIZATION_PREFERS_STRING_CATALOGS = YES;
				MACOSX_DEPLOYMENT_TARGET = 14.2;
				MTL_ENABLE_DEBUG_INFO = NO;
				MTL_FAST_MATH = YES;
				SDKROOT = macosx;
				SWIFT_COMPILATION_MODE = wholemodule;
			};
			name = Release;
		};
		4A14C9562B6109E5004EE0AF /* Debug */ = {
			isa = XCBuildConfiguration;
			buildSettings = {
				ALWAYS_EMBED_SWIFT_STANDARD_LIBRARIES = YES;
				ASSETCATALOG_COMPILER_APPICON_NAME = AppIcon;
				ASSETCATALOG_COMPILER_GLOBAL_ACCENT_COLOR_NAME = AccentColor;
				CODE_SIGN_ENTITLEMENTS = WordQuizDaily/WordQuizDaily.entitlements;
				CODE_SIGN_STYLE = Automatic;
				COMBINE_HIDPI_IMAGES = YES;
				CURRENT_PROJECT_VERSION = 3;
				DEVELOPMENT_ASSET_PATHS = "\"WordQuizDaily/Preview Content\"";
				DEVELOPMENT_TEAM = 2TXBC7N5Q5;
				ENABLE_HARDENED_RUNTIME = YES;
				ENABLE_PREVIEWS = YES;
				ENABLE_USER_SCRIPT_SANDBOXING = NO;
				GENERATE_INFOPLIST_FILE = YES;
				INFOPLIST_FILE = WordQuizDaily/Info.plist;
				INFOPLIST_KEY_NSHumanReadableCopyright = "";
				INFOPLIST_KEY_UILaunchStoryboardName = main;
				INFOPLIST_KEY_UIStatusBarStyle = "";
				INFOPLIST_KEY_UISupportedInterfaceOrientations = UIInterfaceOrientationPortrait;
				IPHONEOS_DEPLOYMENT_TARGET = 17.0;
				LD_RUNPATH_SEARCH_PATHS = (
					"$(inherited)",
					"@executable_path/../Frameworks",
				);
				MARKETING_VERSION = 1.0.3;
				PRODUCT_BUNDLE_IDENTIFIER = smith.WordQuizDaily;
				PRODUCT_NAME = "$(TARGET_NAME)";
				SDKROOT = iphoneos;
				SUPPORTED_PLATFORMS = "iphoneos iphonesimulator";
				SUPPORTS_MACCATALYST = NO;
				SUPPORTS_MAC_DESIGNED_FOR_IPHONE_IPAD = NO;
				SUPPORTS_XR_DESIGNED_FOR_IPHONE_IPAD = NO;
				SWIFT_EMIT_LOC_STRINGS = YES;
				SWIFT_VERSION = 5.0;
				TARGETED_DEVICE_FAMILY = 1;
			};
			name = Debug;
		};
		4A14C9572B6109E5004EE0AF /* Release */ = {
			isa = XCBuildConfiguration;
			buildSettings = {
				ALWAYS_EMBED_SWIFT_STANDARD_LIBRARIES = YES;
				ASSETCATALOG_COMPILER_APPICON_NAME = AppIcon;
				ASSETCATALOG_COMPILER_GLOBAL_ACCENT_COLOR_NAME = AccentColor;
				CODE_SIGN_ENTITLEMENTS = WordQuizDaily/WordQuizDaily.entitlements;
				CODE_SIGN_STYLE = Automatic;
				COMBINE_HIDPI_IMAGES = YES;
				CURRENT_PROJECT_VERSION = 3;
				DEVELOPMENT_ASSET_PATHS = "\"WordQuizDaily/Preview Content\"";
				DEVELOPMENT_TEAM = 2TXBC7N5Q5;
				ENABLE_HARDENED_RUNTIME = YES;
				ENABLE_PREVIEWS = YES;
				ENABLE_USER_SCRIPT_SANDBOXING = NO;
				GENERATE_INFOPLIST_FILE = YES;
				INFOPLIST_FILE = WordQuizDaily/Info.plist;
				INFOPLIST_KEY_NSHumanReadableCopyright = "";
				INFOPLIST_KEY_UILaunchStoryboardName = main;
				INFOPLIST_KEY_UIStatusBarStyle = "";
				INFOPLIST_KEY_UISupportedInterfaceOrientations = UIInterfaceOrientationPortrait;
				IPHONEOS_DEPLOYMENT_TARGET = 17.0;
				LD_RUNPATH_SEARCH_PATHS = (
					"$(inherited)",
					"@executable_path/../Frameworks",
				);
				MARKETING_VERSION = 1.0.3;
				PRODUCT_BUNDLE_IDENTIFIER = smith.WordQuizDaily;
				PRODUCT_NAME = "$(TARGET_NAME)";
				SDKROOT = iphoneos;
				SUPPORTED_PLATFORMS = "iphoneos iphonesimulator";
				SUPPORTS_MACCATALYST = NO;
				SUPPORTS_MAC_DESIGNED_FOR_IPHONE_IPAD = NO;
				SUPPORTS_XR_DESIGNED_FOR_IPHONE_IPAD = NO;
				SWIFT_EMIT_LOC_STRINGS = YES;
				SWIFT_VERSION = 5.0;
				TARGETED_DEVICE_FAMILY = 1;
			};
			name = Release;
		};
/* End XCBuildConfiguration section */

/* Begin XCConfigurationList section */
		4A0BD0902B999A010019F565 /* Build configuration list for PBXNativeTarget "WordQuizWidgetExtension" */ = {
			isa = XCConfigurationList;
			buildConfigurations = (
				4A0BD0912B999A010019F565 /* Debug */,
				4A0BD0922B999A010019F565 /* Release */,
			);
			defaultConfigurationIsVisible = 0;
			defaultConfigurationName = Release;
		};
		4A14C9412B6109E2004EE0AF /* Build configuration list for PBXProject "WordQuizDaily" */ = {
			isa = XCConfigurationList;
			buildConfigurations = (
				4A14C9532B6109E5004EE0AF /* Debug */,
				4A14C9542B6109E5004EE0AF /* Release */,
			);
			defaultConfigurationIsVisible = 0;
			defaultConfigurationName = Release;
		};
		4A14C9552B6109E5004EE0AF /* Build configuration list for PBXNativeTarget "WordQuizDaily" */ = {
			isa = XCConfigurationList;
			buildConfigurations = (
				4A14C9562B6109E5004EE0AF /* Debug */,
				4A14C9572B6109E5004EE0AF /* Release */,
			);
			defaultConfigurationIsVisible = 0;
			defaultConfigurationName = Release;
		};
/* End XCConfigurationList section */

/* Begin XCRemoteSwiftPackageReference section */
		4A3A37012E26AFA8008BF8EA /* XCRemoteSwiftPackageReference "Alamofire" */ = {
			isa = XCRemoteSwiftPackageReference;
			repositoryURL = "https://github.com/Alamofire/Alamofire.git";
			requirement = {
				kind = upToNextMajorVersion;
				minimumVersion = 5.10.2;
			};
		};
		4A3A37062E26AFB2008BF8EA /* XCRemoteSwiftPackageReference "Kingfisher" */ = {
			isa = XCRemoteSwiftPackageReference;
			repositoryURL = "https://github.com/onevcat/Kingfisher.git";
			requirement = {
				kind = upToNextMajorVersion;
				minimumVersion = 8.5.0;
			};
		};
		4A3A37092E26AFFD008BF8EA /* XCRemoteSwiftPackageReference "firebase-ios-sdk" */ = {
			isa = XCRemoteSwiftPackageReference;
			repositoryURL = "https://github.com/firebase/firebase-ios-sdk.git";
			requirement = {
				kind = upToNextMajorVersion;
				minimumVersion = 11.15.0;
			};
		};
		4A4F06B62E26B88700EAB174 /* XCRemoteSwiftPackageReference "Alamofire" */ = {
			isa = XCRemoteSwiftPackageReference;
			repositoryURL = "https://github.com/Alamofire/Alamofire.git";
			requirement = {
				kind = upToNextMajorVersion;
				minimumVersion = 5.10.2;
			};
		};
		4A7D36DC2E3A0A5500AF0C40 /* XCRemoteSwiftPackageReference "swift-package-manager-google-mobile-ads" */ = {
			isa = XCRemoteSwiftPackageReference;
			repositoryURL = "https://github.com/googleads/swift-package-manager-google-mobile-ads";
			requirement = {
				kind = upToNextMajorVersion;
				minimumVersion = 12.8.0;
			};
		};
/* End XCRemoteSwiftPackageReference section */

/* Begin XCSwiftPackageProductDependency section */
		4A3A37022E26AFA8008BF8EA /* Alamofire */ = {
			isa = XCSwiftPackageProductDependency;
			package = 4A3A37012E26AFA8008BF8EA /* XCRemoteSwiftPackageReference "Alamofire" */;
			productName = Alamofire;
		};
		4A3A37072E26AFB2008BF8EA /* Kingfisher */ = {
			isa = XCSwiftPackageProductDependency;
			package = 4A3A37062E26AFB2008BF8EA /* XCRemoteSwiftPackageReference "Kingfisher" */;
			productName = Kingfisher;
		};
		4A3A370A2E26AFFD008BF8EA /* FirebaseAnalytics */ = {
			isa = XCSwiftPackageProductDependency;
			package = 4A3A37092E26AFFD008BF8EA /* XCRemoteSwiftPackageReference "firebase-ios-sdk" */;
			productName = FirebaseAnalytics;
		};
		4A3A370C2E26AFFD008BF8EA /* FirebaseAnalyticsCore */ = {
			isa = XCSwiftPackageProductDependency;
			package = 4A3A37092E26AFFD008BF8EA /* XCRemoteSwiftPackageReference "firebase-ios-sdk" */;
			productName = FirebaseAnalyticsCore;
		};
		4A3A370E2E26AFFD008BF8EA /* FirebaseMessaging */ = {
			isa = XCSwiftPackageProductDependency;
			package = 4A3A37092E26AFFD008BF8EA /* XCRemoteSwiftPackageReference "firebase-ios-sdk" */;
			productName = FirebaseMessaging;
		};
		4A4F06B72E26B88700EAB174 /* Alamofire */ = {
			isa = XCSwiftPackageProductDependency;
			package = 4A4F06B62E26B88700EAB174 /* XCRemoteSwiftPackageReference "Alamofire" */;
			productName = Alamofire;
		};
		4A7D36DD2E3A0A5500AF0C40 /* GoogleMobileAds */ = {
			isa = XCSwiftPackageProductDependency;
			package = 4A7D36DC2E3A0A5500AF0C40 /* XCRemoteSwiftPackageReference "swift-package-manager-google-mobile-ads" */;
			productName = GoogleMobileAds;
		};
/* End XCSwiftPackageProductDependency section */
	};
	rootObject = 4A14C93E2B6109E2004EE0AF /* Project object */;
}
